// !$*UTF8*$!
{
	archiveVersion = 1;
	classes = {
	};
	objectVersion = 46;
	objects = {

/* Begin PBXBuildFile section */
		AEFE3CA41EEA93D700ACC236 /* AppDelegate.swift in Sources */ = {isa = PBXBuildFile; fileRef = AEFE3CA31EEA93D700ACC236 /* AppDelegate.swift */; };
		AEFE3CA61EEA93D700ACC236 /* ViewController.swift in Sources */ = {isa = PBXBuildFile; fileRef = AEFE3CA51EEA93D700ACC236 /* ViewController.swift */; };
		AEFE3CA91EEA93D700ACC236 /* Main.storyboard in Resources */ = {isa = PBXBuildFile; fileRef = AEFE3CA71EEA93D700ACC236 /* Main.storyboard */; };
		AEFE3CAB1EEA93D700ACC236 /* Assets.xcassets in Resources */ = {isa = PBXBuildFile; fileRef = AEFE3CAA1EEA93D700ACC236 /* Assets.xcassets */; };
		AEFE3CAE1EEA93D700ACC236 /* LaunchScreen.storyboard in Resources */ = {isa = PBXBuildFile; fileRef = AEFE3CAC1EEA93D700ACC236 /* LaunchScreen.storyboard */; };
		AEFE3CB61EEA98F100ACC236 /* OBPKit.framework in Frameworks */ = {isa = PBXBuildFile; fileRef = AEFE3CB51EEA98F100ACC236 /* OBPKit.framework */; };
		AEFE3CB71EEA98F100ACC236 /* OBPKit.framework in Embed Frameworks */ = {isa = PBXBuildFile; fileRef = AEFE3CB51EEA98F100ACC236 /* OBPKit.framework */; settings = {ATTRIBUTES = (CodeSignOnCopy, RemoveHeadersOnCopy, ); }; };
		AEFE3CBA1EEA98FA00ACC236 /* STHTTPRequest.framework in Frameworks */ = {isa = PBXBuildFile; fileRef = AEFE3CB91EEA98FA00ACC236 /* STHTTPRequest.framework */; };
		AEFE3CBB1EEA98FA00ACC236 /* STHTTPRequest.framework in Embed Frameworks */ = {isa = PBXBuildFile; fileRef = AEFE3CB91EEA98FA00ACC236 /* STHTTPRequest.framework */; settings = {ATTRIBUTES = (CodeSignOnCopy, RemoveHeadersOnCopy, ); }; };
		AEFE3CBD1EEA98FF00ACC236 /* UICKeyChainStore.framework in Frameworks */ = {isa = PBXBuildFile; fileRef = AEFE3CBC1EEA98FF00ACC236 /* UICKeyChainStore.framework */; };
		AEFE3CBE1EEA98FF00ACC236 /* UICKeyChainStore.framework in Embed Frameworks */ = {isa = PBXBuildFile; fileRef = AEFE3CBC1EEA98FF00ACC236 /* UICKeyChainStore.framework */; settings = {ATTRIBUTES = (CodeSignOnCopy, RemoveHeadersOnCopy, ); }; };
		AEFE3CC01EEA994E00ACC236 /* OAuthCore.framework in Frameworks */ = {isa = PBXBuildFile; fileRef = AEFE3CBF1EEA994E00ACC236 /* OAuthCore.framework */; };
		AEFE3CC11EEA994E00ACC236 /* OAuthCore.framework in Embed Frameworks */ = {isa = PBXBuildFile; fileRef = AEFE3CBF1EEA994E00ACC236 /* OAuthCore.framework */; settings = {ATTRIBUTES = (CodeSignOnCopy, RemoveHeadersOnCopy, ); }; };
/* End PBXBuildFile section */

/* Begin PBXCopyFilesBuildPhase section */
		AEFE3CB81EEA98F100ACC236 /* Embed Frameworks */ = {
			isa = PBXCopyFilesBuildPhase;
			buildActionMask = 2147483647;
			dstPath = "";
			dstSubfolderSpec = 10;
			files = (
				AEFE3CBE1EEA98FF00ACC236 /* UICKeyChainStore.framework in Embed Frameworks */,
				AEFE3CC11EEA994E00ACC236 /* OAuthCore.framework in Embed Frameworks */,
				AEFE3CB71EEA98F100ACC236 /* OBPKit.framework in Embed Frameworks */,
				AEFE3CBB1EEA98FA00ACC236 /* STHTTPRequest.framework in Embed Frameworks */,
			);
			name = "Embed Frameworks";
			runOnlyForDeploymentPostprocessing = 0;
		};
/* End PBXCopyFilesBuildPhase section */

/* Begin PBXFileReference section */
		AEFE3CA01EEA93D700ACC236 /* OBP-iOS-Starter.app */ = {isa = PBXFileReference; explicitFileType = wrapper.application; includeInIndex = 0; path = "OBP-iOS-Starter.app"; sourceTree = BUILT_PRODUCTS_DIR; };
		AEFE3CA31EEA93D700ACC236 /* AppDelegate.swift */ = {isa = PBXFileReference; lastKnownFileType = sourcecode.swift; path = AppDelegate.swift; sourceTree = "<group>"; };
		AEFE3CA51EEA93D700ACC236 /* ViewController.swift */ = {isa = PBXFileReference; lastKnownFileType = sourcecode.swift; path = ViewController.swift; sourceTree = "<group>"; };
		AEFE3CA81EEA93D700ACC236 /* Base */ = {isa = PBXFileReference; lastKnownFileType = file.storyboard; name = Base; path = Base.lproj/Main.storyboard; sourceTree = "<group>"; };
		AEFE3CAA1EEA93D700ACC236 /* Assets.xcassets */ = {isa = PBXFileReference; lastKnownFileType = folder.assetcatalog; path = Assets.xcassets; sourceTree = "<group>"; };
		AEFE3CAD1EEA93D700ACC236 /* Base */ = {isa = PBXFileReference; lastKnownFileType = file.storyboard; name = Base; path = Base.lproj/LaunchScreen.storyboard; sourceTree = "<group>"; };
		AEFE3CAF1EEA93D700ACC236 /* Info.plist */ = {isa = PBXFileReference; lastKnownFileType = text.plist.xml; path = Info.plist; sourceTree = "<group>"; };
		AEFE3CB51EEA98F100ACC236 /* OBPKit.framework */ = {isa = PBXFileReference; explicitFileType = wrapper.framework; path = OBPKit.framework; sourceTree = BUILT_PRODUCTS_DIR; };
		AEFE3CB91EEA98FA00ACC236 /* STHTTPRequest.framework */ = {isa = PBXFileReference; explicitFileType = wrapper.framework; path = STHTTPRequest.framework; sourceTree = BUILT_PRODUCTS_DIR; };
		AEFE3CBC1EEA98FF00ACC236 /* UICKeyChainStore.framework */ = {isa = PBXFileReference; explicitFileType = wrapper.framework; path = UICKeyChainStore.framework; sourceTree = BUILT_PRODUCTS_DIR; };
		AEFE3CBF1EEA994E00ACC236 /* OAuthCore.framework */ = {isa = PBXFileReference; explicitFileType = wrapper.framework; path = OAuthCore.framework; sourceTree = BUILT_PRODUCTS_DIR; };
/* End PBXFileReference section */

/* Begin PBXFrameworksBuildPhase section */
		AEFE3C9D1EEA93D700ACC236 /* Frameworks */ = {
			isa = PBXFrameworksBuildPhase;
			buildActionMask = 2147483647;
			files = (
				AEFE3CBD1EEA98FF00ACC236 /* UICKeyChainStore.framework in Frameworks */,
				AEFE3CC01EEA994E00ACC236 /* OAuthCore.framework in Frameworks */,
				AEFE3CB61EEA98F100ACC236 /* OBPKit.framework in Frameworks */,
				AEFE3CBA1EEA98FA00ACC236 /* STHTTPRequest.framework in Frameworks */,
			);
			runOnlyForDeploymentPostprocessing = 0;
		};
/* End PBXFrameworksBuildPhase section */

/* Begin PBXGroup section */
		AEFE3C971EEA93D700ACC236 = {
			isa = PBXGroup;
			children = (
				AEFE3CA21EEA93D700ACC236 /* OBP-iOS-Starter */,
				AEFE3CC21EEA9A2D00ACC236 /* Frameworks */,
				AEFE3CA11EEA93D700ACC236 /* Products */,
			);
			sourceTree = "<group>";
		};
		AEFE3CA11EEA93D700ACC236 /* Products */ = {
			isa = PBXGroup;
			children = (
				AEFE3CA01EEA93D700ACC236 /* OBP-iOS-Starter.app */,
			);
			name = Products;
			sourceTree = "<group>";
		};
		AEFE3CA21EEA93D700ACC236 /* OBP-iOS-Starter */ = {
			isa = PBXGroup;
			children = (
				AEFE3CA31EEA93D700ACC236 /* AppDelegate.swift */,
				AEFE3CA51EEA93D700ACC236 /* ViewController.swift */,
				AEFE3CA71EEA93D700ACC236 /* Main.storyboard */,
				AEFE3CAA1EEA93D700ACC236 /* Assets.xcassets */,
				AEFE3CAC1EEA93D700ACC236 /* LaunchScreen.storyboard */,
				AEFE3CAF1EEA93D700ACC236 /* Info.plist */,
			);
			path = "OBP-iOS-Starter";
			sourceTree = "<group>";
		};
		AEFE3CC21EEA9A2D00ACC236 /* Frameworks */ = {
			isa = PBXGroup;
			children = (
				AEFE3CBF1EEA994E00ACC236 /* OAuthCore.framework */,
				AEFE3CBC1EEA98FF00ACC236 /* UICKeyChainStore.framework */,
				AEFE3CB91EEA98FA00ACC236 /* STHTTPRequest.framework */,
				AEFE3CB51EEA98F100ACC236 /* OBPKit.framework */,
			);
			name = Frameworks;
			sourceTree = "<group>";
		};
/* End PBXGroup section */

/* Begin PBXNativeTarget section */
		AEFE3C9F1EEA93D700ACC236 /* OBP-iOS-Starter */ = {
			isa = PBXNativeTarget;
			buildConfigurationList = AEFE3CB21EEA93D700ACC236 /* Build configuration list for PBXNativeTarget "OBP-iOS-Starter" */;
			buildPhases = (
				AEFE3C9C1EEA93D700ACC236 /* Sources */,
				AEFE3C9D1EEA93D700ACC236 /* Frameworks */,
				AEFE3C9E1EEA93D700ACC236 /* Resources */,
				AEFE3CB81EEA98F100ACC236 /* Embed Frameworks */,
			);
			buildRules = (
			);
			dependencies = (
			);
			name = "OBP-iOS-Starter";
			productName = "OBP-iOS-Starter";
			productReference = AEFE3CA01EEA93D700ACC236 /* OBP-iOS-Starter.app */;
			productType = "com.apple.product-type.application";
		};
/* End PBXNativeTarget section */

/* Begin PBXProject section */
		AEFE3C981EEA93D700ACC236 /* Project object */ = {
			isa = PBXProject;
			attributes = {
				LastSwiftUpdateCheck = 0830;
				LastUpgradeCheck = 0830;
				ORGANIZATIONNAME = "TESOBE Ltd";
				TargetAttributes = {
					AEFE3C9F1EEA93D700ACC236 = {
						CreatedOnToolsVersion = 8.3.2;
						ProvisioningStyle = Manual;
					};
				};
			};
			buildConfigurationList = AEFE3C9B1EEA93D700ACC236 /* Build configuration list for PBXProject "OBP-iOS-Starter" */;
			compatibilityVersion = "Xcode 3.2";
			developmentRegion = English;
			hasScannedForEncodings = 0;
			knownRegions = (
				en,
				Base,
			);
			mainGroup = AEFE3C971EEA93D700ACC236;
			productRefGroup = AEFE3CA11EEA93D700ACC236 /* Products */;
			projectDirPath = "";
			projectRoot = "";
			targets = (
				AEFE3C9F1EEA93D700ACC236 /* OBP-iOS-Starter */,
			);
		};
/* End PBXProject section */

/* Begin PBXResourcesBuildPhase section */
		AEFE3C9E1EEA93D700ACC236 /* Resources */ = {
			isa = PBXResourcesBuildPhase;
			buildActionMask = 2147483647;
			files = (
				AEFE3CAE1EEA93D700ACC236 /* LaunchScreen.storyboard in Resources */,
				AEFE3CAB1EEA93D700ACC236 /* Assets.xcassets in Resources */,
				AEFE3CA91EEA93D700ACC236 /* Main.storyboard in Resources */,
			);
			runOnlyForDeploymentPostprocessing = 0;
		};
/* End PBXResourcesBuildPhase section */

/* Begin PBXSourcesBuildPhase section */
		AEFE3C9C1EEA93D700ACC236 /* Sources */ = {
			isa = PBXSourcesBuildPhase;
			buildActionMask = 2147483647;
			files = (
				AEFE3CA61EEA93D700ACC236 /* ViewController.swift in Sources */,
				AEFE3CA41EEA93D700ACC236 /* AppDelegate.swift in Sources */,
			);
			runOnlyForDeploymentPostprocessing = 0;
		};
/* End PBXSourcesBuildPhase section */

/* Begin PBXVariantGroup section */
		AEFE3CA71EEA93D700ACC236 /* Main.storyboard */ = {
			isa = PBXVariantGroup;
			children = (
				AEFE3CA81EEA93D700ACC236 /* Base */,
			);
			name = Main.storyboard;
			sourceTree = "<group>";
		};
		AEFE3CAC1EEA93D700ACC236 /* LaunchScreen.storyboard */ = {
			isa = PBXVariantGroup;
			children = (
				AEFE3CAD1EEA93D700ACC236 /* Base */,
			);
			name = LaunchScreen.storyboard;
			sourceTree = "<group>";
		};
/* End PBXVariantGroup section */

/* Begin XCBuildConfiguration section */
		AEFE3CB01EEA93D700ACC236 /* Debug */ = {
			isa = XCBuildConfiguration;
			buildSettings = {
				ALWAYS_SEARCH_USER_PATHS = NO;
				CLANG_ANALYZER_NONNULL = YES;
				CLANG_ANALYZER_NUMBER_OBJECT_CONVERSION = YES_AGGRESSIVE;
				CLANG_CXX_LANGUAGE_STANDARD = "gnu++0x";
				CLANG_CXX_LIBRARY = "libc++";
				CLANG_ENABLE_MODULES = YES;
				CLANG_ENABLE_OBJC_ARC = YES;
				CLANG_WARN_BOOL_CONVERSION = YES;
				CLANG_WARN_CONSTANT_CONVERSION = YES;
				CLANG_WARN_DIRECT_OBJC_ISA_USAGE = YES_ERROR;
				CLANG_WARN_DOCUMENTATION_COMMENTS = YES;
				CLANG_WARN_EMPTY_BODY = YES;
				CLANG_WARN_ENUM_CONVERSION = YES;
				CLANG_WARN_INFINITE_RECURSION = YES;
				CLANG_WARN_INT_CONVERSION = YES;
				CLANG_WARN_OBJC_ROOT_CLASS = YES_ERROR;
				CLANG_WARN_SUSPICIOUS_MOVE = YES;
				CLANG_WARN_UNREACHABLE_CODE = YES;
				CLANG_WARN__DUPLICATE_METHOD_MATCH = YES;
				"CODE_SIGN_IDENTITY[sdk=iphoneos*]" = "iPhone Developer";
				COPY_PHASE_STRIP = NO;
				DEBUG_INFORMATION_FORMAT = dwarf;
				ENABLE_STRICT_OBJC_MSGSEND = YES;
				ENABLE_TESTABILITY = YES;
				GCC_C_LANGUAGE_STANDARD = gnu99;
				GCC_DYNAMIC_NO_PIC = NO;
				GCC_NO_COMMON_BLOCKS = YES;
				GCC_OPTIMIZATION_LEVEL = 0;
				GCC_PREPROCESSOR_DEFINITIONS = (
					"DEBUG=1",
					"$(inherited)",
				);
				GCC_WARN_64_TO_32_BIT_CONVERSION = YES;
				GCC_WARN_ABOUT_RETURN_TYPE = YES_ERROR;
				GCC_WARN_UNDECLARED_SELECTOR = YES;
				GCC_WARN_UNINITIALIZED_AUTOS = YES_AGGRESSIVE;
				GCC_WARN_UNUSED_FUNCTION = YES;
				GCC_WARN_UNUSED_VARIABLE = YES;
				IPHONEOS_DEPLOYMENT_TARGET = 10.3;
				MTL_ENABLE_DEBUG_INFO = YES;
				ONLY_ACTIVE_ARCH = YES;
				SDKROOT = iphoneos;
				SWIFT_ACTIVE_COMPILATION_CONDITIONS = DEBUG;
				SWIFT_OPTIMIZATION_LEVEL = "-Onone";
				TARGETED_DEVICE_FAMILY = "1,2";
			};
			name = Debug;
		};
		AEFE3CB11EEA93D700ACC236 /* Release */ = {
			isa = XCBuildConfiguration;
			buildSettings = {
				ALWAYS_SEARCH_USER_PATHS = NO;
				CLANG_ANALYZER_NONNULL = YES;
				CLANG_ANALYZER_NUMBER_OBJECT_CONVERSION = YES_AGGRESSIVE;
				CLANG_CXX_LANGUAGE_STANDARD = "gnu++0x";
				CLANG_CXX_LIBRARY = "libc++";
				CLANG_ENABLE_MODULES = YES;
				CLANG_ENABLE_OBJC_ARC = YES;
				CLANG_WARN_BOOL_CONVERSION = YES;
				CLANG_WARN_CONSTANT_CONVERSION = YES;
				CLANG_WARN_DIRECT_OBJC_ISA_USAGE = YES_ERROR;
				CLANG_WARN_DOCUMENTATION_COMMENTS = YES;
				CLANG_WARN_EMPTY_BODY = YES;
				CLANG_WARN_ENUM_CONVERSION = YES;
				CLANG_WARN_INFINITE_RECURSION = YES;
				CLANG_WARN_INT_CONVERSION = YES;
				CLANG_WARN_OBJC_ROOT_CLASS = YES_ERROR;
				CLANG_WARN_SUSPICIOUS_MOVE = YES;
				CLANG_WARN_UNREACHABLE_CODE = YES;
				CLANG_WARN__DUPLICATE_METHOD_MATCH = YES;
				"CODE_SIGN_IDENTITY[sdk=iphoneos*]" = "iPhone Developer";
				COPY_PHASE_STRIP = NO;
				DEBUG_INFORMATION_FORMAT = "dwarf-with-dsym";
				ENABLE_NS_ASSERTIONS = NO;
				ENABLE_STRICT_OBJC_MSGSEND = YES;
				GCC_C_LANGUAGE_STANDARD = gnu99;
				GCC_NO_COMMON_BLOCKS = YES;
				GCC_WARN_64_TO_32_BIT_CONVERSION = YES;
				GCC_WARN_ABOUT_RETURN_TYPE = YES_ERROR;
				GCC_WARN_UNDECLARED_SELECTOR = YES;
				GCC_WARN_UNINITIALIZED_AUTOS = YES_AGGRESSIVE;
				GCC_WARN_UNUSED_FUNCTION = YES;
				GCC_WARN_UNUSED_VARIABLE = YES;
				IPHONEOS_DEPLOYMENT_TARGET = 10.3;
				MTL_ENABLE_DEBUG_INFO = NO;
				SDKROOT = iphoneos;
				SWIFT_OPTIMIZATION_LEVEL = "-Owholemodule";
				TARGETED_DEVICE_FAMILY = "1,2";
				VALIDATE_PRODUCT = YES;
			};
			name = Release;
		};
		AEFE3CB31EEA93D700ACC236 /* Debug */ = {
			isa = XCBuildConfiguration;
			buildSettings = {
				ASSETCATALOG_COMPILER_APPICON_NAME = AppIcon;
				DEVELOPMENT_TEAM = "";
				INFOPLIST_FILE = "OBP-iOS-Starter/Info.plist";
				LD_RUNPATH_SEARCH_PATHS = "$(inherited) @executable_path/Frameworks";
				PRODUCT_BUNDLE_IDENTIFIER = "com.tesobe.OBP-iOS-Starter";
				PRODUCT_NAME = "$(TARGET_NAME)";
				PROVISIONING_PROFILE_SPECIFIER = "";
				SWIFT_VERSION = 3.0;
			};
			name = Debug;
		};
		AEFE3CB41EEA93D700ACC236 /* Release */ = {
			isa = XCBuildConfiguration;
			buildSettings = {
				ASSETCATALOG_COMPILER_APPICON_NAME = AppIcon;
				DEVELOPMENT_TEAM = "";
				INFOPLIST_FILE = "OBP-iOS-Starter/Info.plist";
				LD_RUNPATH_SEARCH_PATHS = "$(inherited) @executable_path/Frameworks";
				PRODUCT_BUNDLE_IDENTIFIER = "com.tesobe.OBP-iOS-Starter";
				PRODUCT_NAME = "$(TARGET_NAME)";
				PROVISIONING_PROFILE_SPECIFIER = "";
				SWIFT_VERSION = 3.0;
			};
			name = Release;
		};
/* End XCBuildConfiguration section */

/* Begin XCConfigurationList section */
		AEFE3C9B1EEA93D700ACC236 /* Build configuration list for PBXProject "OBP-iOS-Starter" */ = {
			isa = XCConfigurationList;
			buildConfigurations = (
				AEFE3CB01EEA93D700ACC236 /* Debug */,
				AEFE3CB11EEA93D700ACC236 /* Release */,
			);
			defaultConfigurationIsVisible = 0;
			defaultConfigurationName = Release;
		};
		AEFE3CB21EEA93D700ACC236 /* Build configuration list for PBXNativeTarget "OBP-iOS-Starter" */ = {
			isa = XCConfigurationList;
			buildConfigurations = (
				AEFE3CB31EEA93D700ACC236 /* Debug */,
				AEFE3CB41EEA93D700ACC236 /* Release */,
			);
			defaultConfigurationIsVisible = 0;
		};
/* End XCConfigurationList section */
	};
	rootObject = AEFE3C981EEA93D700ACC236 /* Project object */;
}
